{
  "version": 4,
  "terraform_version": "1.10.5",
  "serial": 5,
  "lineage": "fba37655-8f52-6d7a-e122-ddc3c756c075",
  "outputs": {},
  "resources": [
    {
      "mode": "managed",
      "type": "aws_default_vpc",
      "name": "default",
      "provider": "provider[\"registry.terraform.io/hashicorp/aws\"]",
      "instances": [
        {
          "schema_version": 1,
          "attributes": {
            "arn": "arn:aws:ec2:us-east-2:150921755293:vpc/vpc-0d3545673ea88b383",
            "assign_generated_ipv6_cidr_block": false,
            "cidr_block": "172.31.0.0/16",
            "default_network_acl_id": "acl-0e02f9ee5dafc2128",
            "default_route_table_id": "rtb-0b89ef1a2cfdc346d",
            "default_security_group_id": "sg-04457dda199e90b82",
            "dhcp_options_id": "dopt-05de9eb7330bad5f4",
            "enable_dns_hostnames": true,
            "enable_dns_support": true,
            "enable_network_address_usage_metrics": false,
            "existing_default_vpc": true,
            "force_destroy": false,
            "id": "vpc-0d3545673ea88b383",
            "instance_tenancy": "default",
            "ipv6_association_id": "",
            "ipv6_cidr_block": "",
            "ipv6_cidr_block_network_border_group": "",
            "ipv6_ipam_pool_id": "",
            "ipv6_netmask_length": 0,
            "main_route_table_id": "rtb-0b89ef1a2cfdc346d",
            "owner_id": "150921755293",
            "tags": null,
            "tags_all": {}
          },
          "sensitive_attributes": [],
          "private": "eyJzY2hlbWFfdmVyc2lvbiI6IjEifQ=="
        }
      ]
    },
    {
      "mode": "managed",
      "type": "aws_key_pair",
      "name": "deployer",
      "provider": "provider[\"registry.terraform.io/hashicorp/aws\"]",
      "instances": [
        {
          "schema_version": 1,
          "attributes": {
            "arn": "arn:aws:ec2:us-east-2:150921755293:key-pair/terra-automate-key",
            "fingerprint": "e1:7a:01:e5:68:aa:c3:9d:6e:e2:2b:b2:ef:5b:f5:23",
            "id": "terra-automate-key",
            "key_name": "terra-automate-key",
            "key_name_prefix": "",
            "key_pair_id": "key-0e2da38a63b07787c",
            "key_type": "rsa",
            "public_key": "ssh-rsa AAAAB3NzaC1yc2EAAAADAQABAAABgQDq12R5SKMwZZgojHbxjezqPytyyOXVEvxRytyclhuI6nL2wxBjCtxHL85To/yxOUQ3pP3iuQfy7FqmNAgYPmgUSUF+AajeQxs++kEJtKbdQRa1wat3dAeOX0Te0ba8JokAg+1xUYfzJ+yZB7aJYsD3b0VythHGVwKgKHSMOwa2Q8Sln+1w3sK33v4S3K5DnuCfEHVJTAD+y4JAo8i58T8s7MXjLX73atJWMK9y74Bi6MxV+5aP9IoQgPxjkwaaFjqkpguG0NEeXSGTtwWSiYlRJSz4ALEkU5nBwO5YCsiXeJC8VL7R60I6NHSYxdAihjKzWxq7r7kWKGCnZyy3SEhYU67jn8t5oq2TUdz11rDQImw4L1+FcNYsiStJwEESzKdzCJClZLrTUng3mbqjjZODQcfB1nrXthLS+mGwMqKaE4ojPQlBM15R6IIvYYXFPvpBbHCEqm5nX3YcPV9Q+5pGJNYBDl9c25IasAdzanXxM6KnzIq6nS+1w2LMcCnqU2s= hi@DESKTOP-NTV4NF2",
            "tags": null,
            "tags_all": {}
          },
          "sensitive_attributes": [],
          "private": "eyJzY2hlbWFfdmVyc2lvbiI6IjEifQ=="
        }
      ]
    },
    {
      "mode": "managed",
      "type": "aws_security_group",
      "name": "allow_user_to_connect",
      "provider": "provider[\"registry.terraform.io/hashicorp/aws\"]",
      "instances": [
        {
          "schema_version": 1,
          "attributes": {
            "arn": "arn:aws:ec2:us-east-2:150921755293:security-group/sg-02610f5e0f1ac91af",
            "description": "Allow user to connect",
            "egress": [
              {
                "cidr_blocks": [
                  "0.0.0.0/0"
                ],
                "description": " allow all outgoing traffic ",
                "from_port": 0,
                "ipv6_cidr_blocks": [],
                "prefix_list_ids": [],
                "protocol": "-1",
                "security_groups": [],
                "self": false,
                "to_port": 0
              }
            ],
            "id": "sg-02610f5e0f1ac91af",
            "ingress": [
              {
                "cidr_blocks": [
                  "0.0.0.0/0"
                ],
                "description": "port 22 allow",
                "from_port": 22,
                "ipv6_cidr_blocks": [],
                "prefix_list_ids": [],
                "protocol": "tcp",
                "security_groups": [],
                "self": false,
                "to_port": 22
              },
              {
                "cidr_blocks": [
                  "0.0.0.0/0"
                ],
                "description": "port 443 allow",
                "from_port": 443,
                "ipv6_cidr_blocks": [],
                "prefix_list_ids": [],
                "protocol": "tcp",
                "security_groups": [],
                "self": false,
                "to_port": 443
              },
              {
                "cidr_blocks": [
                  "0.0.0.0/0"
                ],
                "description": "port 80 allow",
                "from_port": 80,
                "ipv6_cidr_blocks": [],
                "prefix_list_ids": [],
                "protocol": "tcp",
                "security_groups": [],
                "self": false,
                "to_port": 80
              }
            ],
            "name": "allow TLS",
            "name_prefix": "",
            "owner_id": "150921755293",
            "revoke_rules_on_delete": false,
            "tags": {
              "Name": "mysecurity"
            },
            "tags_all": {
              "Name": "mysecurity"
            },
            "timeouts": null,
            "vpc_id": "vpc-0d3545673ea88b383"
          },
          "sensitive_attributes": [],
          "private": "eyJlMmJmYjczMC1lY2FhLTExZTYtOGY4OC0zNDM2M2JjN2M0YzAiOnsiY3JlYXRlIjo2MDAwMDAwMDAwMDAsImRlbGV0ZSI6OTAwMDAwMDAwMDAwfSwic2NoZW1hX3ZlcnNpb24iOiIxIn0=",
          "dependencies": [
            "aws_default_vpc.default"
          ]
        }
      ]
    }
  ],
  "check_results": null
}
